
Microsoft Visual Studio Solution File, Format Version 12.00
# Visual Studio Version 17
VisualStudioVersion = 17.9.34607.119
MinimumVisualStudioVersion = 10.0.40219.1
Project("{9A19103F-16F7-4668-BE54-9A1E7A4F7556}") = "FindIntersectionOfTwoArrays", "FindIntersectionOfTwoArrays\FindIntersectionOfTwoArrays.csproj", "{88293CF7-A184-4774-8FFF-B8F10EE2DF55}"
EndProject
Project("{9A19103F-16F7-4668-BE54-9A1E7A4F7556}") = "FindMaxTwoNumberFromArray", "FindMaxTwoNumberFromArray\FindMaxTwoNumberFromArray.csproj", "{68E2485E-8B61-43AE-987D-E061DAAAD355}"
EndProject
Project("{9A19103F-16F7-4668-BE54-9A1E7A4F7556}") = "RemoveDuplicateLettersFromText", "RemoveDuplicateLettersFromText\RemoveDuplicateLettersFromText.csproj", "{F3D95E85-0677-40BF-A0C1-CA08A282CA40}"
EndProject
Project("{FAE04EC0-301F-11D3-BF4B-00C04F79EFBC}") = "FindAddendNumbersFromArray", "FindAddendNumbersFromArray\FindAddendNumbersFromArray.csproj", "{31B9F50F-4C3C-4B2C-B311-99B81B58084C}"
EndProject
Global
	GlobalSection(SolutionConfigurationPlatforms) = preSolution
		Debug|Any CPU = Debug|Any CPU
		Release|Any CPU = Release|Any CPU
	EndGlobalSection
	GlobalSection(ProjectConfigurationPlatforms) = postSolution
		{88293CF7-A184-4774-8FFF-B8F10EE2DF55}.Debug|Any CPU.ActiveCfg = Debug|Any CPU
		{88293CF7-A184-4774-8FFF-B8F10EE2DF55}.Debug|Any CPU.Build.0 = Debug|Any CPU
		{88293CF7-A184-4774-8FFF-B8F10EE2DF55}.Release|Any CPU.ActiveCfg = Release|Any CPU
		{88293CF7-A184-4774-8FFF-B8F10EE2DF55}.Release|Any CPU.Build.0 = Release|Any CPU
		{68E2485E-8B61-43AE-987D-E061DAAAD355}.Debug|Any CPU.ActiveCfg = Debug|Any CPU
		{68E2485E-8B61-43AE-987D-E061DAAAD355}.Debug|Any CPU.Build.0 = Debug|Any CPU
		{68E2485E-8B61-43AE-987D-E061DAAAD355}.Release|Any CPU.ActiveCfg = Release|Any CPU
		{68E2485E-8B61-43AE-987D-E061DAAAD355}.Release|Any CPU.Build.0 = Release|Any CPU
		{F3D95E85-0677-40BF-A0C1-CA08A282CA40}.Debug|Any CPU.ActiveCfg = Debug|Any CPU
		{F3D95E85-0677-40BF-A0C1-CA08A282CA40}.Debug|Any CPU.Build.0 = Debug|Any CPU
		{F3D95E85-0677-40BF-A0C1-CA08A282CA40}.Release|Any CPU.ActiveCfg = Release|Any CPU
		{F3D95E85-0677-40BF-A0C1-CA08A282CA40}.Release|Any CPU.Build.0 = Release|Any CPU
		{31B9F50F-4C3C-4B2C-B311-99B81B58084C}.Debug|Any CPU.ActiveCfg = Debug|Any CPU
		{31B9F50F-4C3C-4B2C-B311-99B81B58084C}.Debug|Any CPU.Build.0 = Debug|Any CPU
		{31B9F50F-4C3C-4B2C-B311-99B81B58084C}.Release|Any CPU.ActiveCfg = Release|Any CPU
		{31B9F50F-4C3C-4B2C-B311-99B81B58084C}.Release|Any CPU.Build.0 = Release|Any CPU
	EndGlobalSection
	GlobalSection(SolutionProperties) = preSolution
		HideSolutionNode = FALSE
	EndGlobalSection
	GlobalSection(ExtensibilityGlobals) = postSolution
		SolutionGuid = {7F480A1A-306E-4C29-8511-3B8963A69536}
	EndGlobalSection
EndGlobal
